
Microsoft Visual Studio Solution File, Format Version 12.00
# Visual Studio 15
VisualStudioVersion = 15.0.28010.2041
MinimumVisualStudioVersion = 10.0.40219.1
Project("{FAE04EC0-301F-11D3-BF4B-00C04F79EFBC}") = "Razor", "Razor\Razor.csproj", "{749FB1BD-8CF8-48A2-AC74-E036D6C73005}"
EndProject
Global
	GlobalSection(SolutionConfigurationPlatforms) = preSolution
		Debug|Any CPU = Debug|Any CPU
		Release|Any CPU = Release|Any CPU
	EndGlobalSection
	GlobalSection(ProjectConfigurationPlatforms) = postSolution
		{749FB1BD-8CF8-48A2-AC74-E036D6C73005}.Debug|Any CPU.ActiveCfg = Debug|Any CPU
		{749FB1BD-8CF8-48A2-AC74-E036D6C73005}.Debug|Any CPU.Build.0 = Debug|Any CPU
		{749FB1BD-8CF8-48A2-AC74-E036D6C73005}.Release|Any CPU.ActiveCfg = Release|Any CPU
		{749FB1BD-8CF8-48A2-AC74-E036D6C73005}.Release|Any CPU.Build.0 = Release|Any CPU
	EndGlobalSection
	GlobalSection(SolutionProperties) = preSolution
		HideSolutionNode = FALSE
	EndGlobalSection
	GlobalSection(ExtensibilityGlobals) = postSolution
		SolutionGuid = {4FEFD6B5-CBA2-4446-A7CF-68E0CAFE2DB6}
	EndGlobalSection
EndGlobal
